# This file is automatically @generated by Cargo.
# It is not intended for manual editing.
version = 4

[[package]]
name = "nota-next"
version = "0.1.0"
source = "git+https://github.com/LiGoldragon/nota-next.git?branch=main#fff3dd19f330f4cc6eef6542ae7b2b451d0cd19d"

[[package]]
name = "schema-next"
version = "0.1.0"
dependencies = [
 "nota-next",
]
