# This file is automatically @generated by Cargo.
# It is not intended for manual editing.
version = 4

[[package]]
name = "nota-next"
version = "0.1.0"
source = "git+https://github.com/LiGoldragon/nota-next.git?branch=main#bca1af83a5b0b1fec35f26ffc266cb56b3953eb8"

[[package]]
name = "schema-next"
version = "0.1.0"
dependencies = [
 "nota-next",
]
